{
  "app/controllers/masq/info_controller.rb:3069306562": [
    [13, 65, 2, "Style/AndOr: Use `||` instead of `or`.", 5861240]
  ],
  "app/controllers/masq/passwords_controller.rb:4013562638": [
    [8, 18, 1, "Lint/AssignmentInCondition: Wrap assignment in parentheses if intentional", 177560]
  ],
  "app/controllers/masq/sessions_controller.rb:926273284": [
    [39, 21, 3, "Style/AndOr: Use `&&` instead of `and`.", 193409806]
  ],
  "lib/masq/authenticated_system.rb:2956957840": [
    [95, 5, 3, "Lint/IneffectiveAccessModifier: `protected` (on line 3) does not make singleton methods protected. Use `protected` inside a `class << self` block instead.", 193404514],
    [95, 5, 111, "Style/ClassMethodsDefinitions: Use `class << self` to define a class method.", 4258707989],
    [127, 10, 34, "Style/SafeNavigation: Use safe navigation (`&.`) instead of checking if an object exists before calling the method.", 631550519]
  ],
  "lib/masq/openid_server_system.rb:2879462441": [
    [106, 26, 41, "Style/SafeNavigation: Use safe navigation (`&.`) instead of checking if an object exists before calling the method.", 3858462676]
  ],
  "lib/tasks/masq_tasks.rake:1483017689": [
    [39, 21, 42, "Style/SafeNavigation: Use safe navigation (`&.`) instead of checking if an object exists before calling the method.", 4054527944]
  ],
  "masq.gemspec:1107948888": [
    [72, 3, 26, "Gemspec/DependencyVersion: Dependency version specification is required.", 1260806891],
    [73, 3, 32, "Gemspec/DependencyVersion: Dependency version specification is required.", 855136127],
    [76, 3, 33, "Gemspec/DependencyVersion: Dependency version specification is required.", 3159729161],
    [78, 3, 30, "Gemspec/DependencyVersion: Dependency version specification is required.", 2010339150],
    [89, 3, 72, "Gemspec/DependencyVersion: Dependency version specification is required.", 2491072344]
  ],
  "test/test_helper.rb:2496707493": [
    [206, 45, 1, "Lint/AssignmentInCondition: Wrap assignment in parentheses if intentional", 177560]
  ]
}
